
Microsoft Visual Studio Solution File, Format Version 12.00
# Visual Studio 15
Project("{FAE04EC0-301F-11D3-BF4B-00C04F79EFBC}") = "01_Task", "01_Task\01_Task.csproj", "{B4154232-A4DC-4377-89AB-B4E9D0FF9130}"
EndProject
Project("{FAE04EC0-301F-11D3-BF4B-00C04F79EFBC}") = "02_Task", "02_Task\02_Task.csproj", "{80EBA993-1016-4EB2-B5A1-A1CDD7AD52B1}"
EndProject
Project("{FAE04EC0-301F-11D3-BF4B-00C04F79EFBC}") = "03_Task", "03_Task\03_Task.csproj", "{F0F04ACA-094C-46AB-84FB-5E7559145150}"
EndProject
Project("{FAE04EC0-301F-11D3-BF4B-00C04F79EFBC}") = "04_Task", "04_Task\04_Task.csproj", "{221CFA74-541D-473D-A457-634EEF350E9F}"
EndProject
Project("{FAE04EC0-301F-11D3-BF4B-00C04F79EFBC}") = "05_Task", "05_Task\05_Task.csproj", "{ABD258BB-5238-4C52-AB56-36DEB0669B0B}"
EndProject
Project("{FAE04EC0-301F-11D3-BF4B-00C04F79EFBC}") = "06_Task", "06_Task\06_Task.csproj", "{17183357-E5A8-4462-893B-6FB33D084298}"
EndProject
Project("{FAE04EC0-301F-11D3-BF4B-00C04F79EFBC}") = "07_Task", "07_Task\07_Task.csproj", "{6911647D-6D87-4F7F-B2CF-D02F7FFF9D79}"
EndProject
Project("{FAE04EC0-301F-11D3-BF4B-00C04F79EFBC}") = "08_Task", "08_Task\08_Task.csproj", "{938894D8-C942-4FD1-9915-D9CA063D95C9}"
EndProject
Project("{FAE04EC0-301F-11D3-BF4B-00C04F79EFBC}") = "09_Task", "09_Task\09_Task.csproj", "{D0D92867-7BAD-4887-9218-F7732C89C4B0}"
EndProject
Project("{FAE04EC0-301F-11D3-BF4B-00C04F79EFBC}") = "10_Task", "10_Task\10_Task.csproj", "{38DEB0E9-2300-4435-881E-6A76DF3D3F4A}"
EndProject
Project("{FAE04EC0-301F-11D3-BF4B-00C04F79EFBC}") = "11_Task", "11_Task\11_Task.csproj", "{AAEA7118-496C-4B78-9EFC-BD22E61770D7}"
EndProject
Project("{FAE04EC0-301F-11D3-BF4B-00C04F79EFBC}") = "12_Task", "12_Task\12_Task.csproj", "{D218BE35-743F-402F-B10B-6A0E21C2AEBD}"
EndProject
Project("{FAE04EC0-301F-11D3-BF4B-00C04F79EFBC}") = "13_Task", "13_Task\13_Task.csproj", "{65AE78F0-4A55-45C3-B2D0-987E0F0C0AF5}"
EndProject
Project("{FAE04EC0-301F-11D3-BF4B-00C04F79EFBC}") = "14_Task", "14_Task\14_Task.csproj", "{0B5D6358-51E5-44C3-9A1D-C21BF5398ADF}"
EndProject
Project("{FAE04EC0-301F-11D3-BF4B-00C04F79EFBC}") = "15_Task", "15_Task\15_Task.csproj", "{A1736077-2EC6-4486-AEAF-3C1612E198C9}"
EndProject
Global
	GlobalSection(SolutionConfigurationPlatforms) = preSolution
		Debug|Any CPU = Debug|Any CPU
		Release|Any CPU = Release|Any CPU
	EndGlobalSection
	GlobalSection(ProjectConfigurationPlatforms) = postSolution
		{B4154232-A4DC-4377-89AB-B4E9D0FF9130}.Debug|Any CPU.ActiveCfg = Debug|Any CPU
		{B4154232-A4DC-4377-89AB-B4E9D0FF9130}.Debug|Any CPU.Build.0 = Debug|Any CPU
		{B4154232-A4DC-4377-89AB-B4E9D0FF9130}.Release|Any CPU.ActiveCfg = Release|Any CPU
		{B4154232-A4DC-4377-89AB-B4E9D0FF9130}.Release|Any CPU.Build.0 = Release|Any CPU
		{80EBA993-1016-4EB2-B5A1-A1CDD7AD52B1}.Debug|Any CPU.ActiveCfg = Debug|Any CPU
		{80EBA993-1016-4EB2-B5A1-A1CDD7AD52B1}.Debug|Any CPU.Build.0 = Debug|Any CPU
		{80EBA993-1016-4EB2-B5A1-A1CDD7AD52B1}.Release|Any CPU.ActiveCfg = Release|Any CPU
		{80EBA993-1016-4EB2-B5A1-A1CDD7AD52B1}.Release|Any CPU.Build.0 = Release|Any CPU
		{F0F04ACA-094C-46AB-84FB-5E7559145150}.Debug|Any CPU.ActiveCfg = Debug|Any CPU
		{F0F04ACA-094C-46AB-84FB-5E7559145150}.Debug|Any CPU.Build.0 = Debug|Any CPU
		{F0F04ACA-094C-46AB-84FB-5E7559145150}.Release|Any CPU.ActiveCfg = Release|Any CPU
		{F0F04ACA-094C-46AB-84FB-5E7559145150}.Release|Any CPU.Build.0 = Release|Any CPU
		{221CFA74-541D-473D-A457-634EEF350E9F}.Debug|Any CPU.ActiveCfg = Debug|Any CPU
		{221CFA74-541D-473D-A457-634EEF350E9F}.Debug|Any CPU.Build.0 = Debug|Any CPU
		{221CFA74-541D-473D-A457-634EEF350E9F}.Release|Any CPU.ActiveCfg = Release|Any CPU
		{221CFA74-541D-473D-A457-634EEF350E9F}.Release|Any CPU.Build.0 = Release|Any CPU
		{ABD258BB-5238-4C52-AB56-36DEB0669B0B}.Debug|Any CPU.ActiveCfg = Debug|Any CPU
		{ABD258BB-5238-4C52-AB56-36DEB0669B0B}.Debug|Any CPU.Build.0 = Debug|Any CPU
		{ABD258BB-5238-4C52-AB56-36DEB0669B0B}.Release|Any CPU.ActiveCfg = Release|Any CPU
		{ABD258BB-5238-4C52-AB56-36DEB0669B0B}.Release|Any CPU.Build.0 = Release|Any CPU
		{17183357-E5A8-4462-893B-6FB33D084298}.Debug|Any CPU.ActiveCfg = Debug|Any CPU
		{17183357-E5A8-4462-893B-6FB33D084298}.Debug|Any CPU.Build.0 = Debug|Any CPU
		{17183357-E5A8-4462-893B-6FB33D084298}.Release|Any CPU.ActiveCfg = Release|Any CPU
		{17183357-E5A8-4462-893B-6FB33D084298}.Release|Any CPU.Build.0 = Release|Any CPU
		{6911647D-6D87-4F7F-B2CF-D02F7FFF9D79}.Debug|Any CPU.ActiveCfg = Debug|Any CPU
		{6911647D-6D87-4F7F-B2CF-D02F7FFF9D79}.Debug|Any CPU.Build.0 = Debug|Any CPU
		{6911647D-6D87-4F7F-B2CF-D02F7FFF9D79}.Release|Any CPU.ActiveCfg = Release|Any CPU
		{6911647D-6D87-4F7F-B2CF-D02F7FFF9D79}.Release|Any CPU.Build.0 = Release|Any CPU
		{938894D8-C942-4FD1-9915-D9CA063D95C9}.Debug|Any CPU.ActiveCfg = Debug|Any CPU
		{938894D8-C942-4FD1-9915-D9CA063D95C9}.Debug|Any CPU.Build.0 = Debug|Any CPU
		{938894D8-C942-4FD1-9915-D9CA063D95C9}.Release|Any CPU.ActiveCfg = Release|Any CPU
		{938894D8-C942-4FD1-9915-D9CA063D95C9}.Release|Any CPU.Build.0 = Release|Any CPU
		{D0D92867-7BAD-4887-9218-F7732C89C4B0}.Debug|Any CPU.ActiveCfg = Debug|Any CPU
		{D0D92867-7BAD-4887-9218-F7732C89C4B0}.Debug|Any CPU.Build.0 = Debug|Any CPU
		{D0D92867-7BAD-4887-9218-F7732C89C4B0}.Release|Any CPU.ActiveCfg = Release|Any CPU
		{D0D92867-7BAD-4887-9218-F7732C89C4B0}.Release|Any CPU.Build.0 = Release|Any CPU
		{38DEB0E9-2300-4435-881E-6A76DF3D3F4A}.Debug|Any CPU.ActiveCfg = Debug|Any CPU
		{38DEB0E9-2300-4435-881E-6A76DF3D3F4A}.Debug|Any CPU.Build.0 = Debug|Any CPU
		{38DEB0E9-2300-4435-881E-6A76DF3D3F4A}.Release|Any CPU.ActiveCfg = Release|Any CPU
		{38DEB0E9-2300-4435-881E-6A76DF3D3F4A}.Release|Any CPU.Build.0 = Release|Any CPU
		{AAEA7118-496C-4B78-9EFC-BD22E61770D7}.Debug|Any CPU.ActiveCfg = Debug|Any CPU
		{AAEA7118-496C-4B78-9EFC-BD22E61770D7}.Debug|Any CPU.Build.0 = Debug|Any CPU
		{AAEA7118-496C-4B78-9EFC-BD22E61770D7}.Release|Any CPU.ActiveCfg = Release|Any CPU
		{AAEA7118-496C-4B78-9EFC-BD22E61770D7}.Release|Any CPU.Build.0 = Release|Any CPU
		{D218BE35-743F-402F-B10B-6A0E21C2AEBD}.Debug|Any CPU.ActiveCfg = Debug|Any CPU
		{D218BE35-743F-402F-B10B-6A0E21C2AEBD}.Debug|Any CPU.Build.0 = Debug|Any CPU
		{D218BE35-743F-402F-B10B-6A0E21C2AEBD}.Release|Any CPU.ActiveCfg = Release|Any CPU
		{D218BE35-743F-402F-B10B-6A0E21C2AEBD}.Release|Any CPU.Build.0 = Release|Any CPU
		{65AE78F0-4A55-45C3-B2D0-987E0F0C0AF5}.Debug|Any CPU.ActiveCfg = Debug|Any CPU
		{65AE78F0-4A55-45C3-B2D0-987E0F0C0AF5}.Debug|Any CPU.Build.0 = Debug|Any CPU
		{65AE78F0-4A55-45C3-B2D0-987E0F0C0AF5}.Release|Any CPU.ActiveCfg = Release|Any CPU
		{65AE78F0-4A55-45C3-B2D0-987E0F0C0AF5}.Release|Any CPU.Build.0 = Release|Any CPU
		{0B5D6358-51E5-44C3-9A1D-C21BF5398ADF}.Debug|Any CPU.ActiveCfg = Debug|Any CPU
		{0B5D6358-51E5-44C3-9A1D-C21BF5398ADF}.Debug|Any CPU.Build.0 = Debug|Any CPU
		{0B5D6358-51E5-44C3-9A1D-C21BF5398ADF}.Release|Any CPU.ActiveCfg = Release|Any CPU
		{0B5D6358-51E5-44C3-9A1D-C21BF5398ADF}.Release|Any CPU.Build.0 = Release|Any CPU
		{A1736077-2EC6-4486-AEAF-3C1612E198C9}.Debug|Any CPU.ActiveCfg = Debug|Any CPU
		{A1736077-2EC6-4486-AEAF-3C1612E198C9}.Debug|Any CPU.Build.0 = Debug|Any CPU
		{A1736077-2EC6-4486-AEAF-3C1612E198C9}.Release|Any CPU.ActiveCfg = Release|Any CPU
		{A1736077-2EC6-4486-AEAF-3C1612E198C9}.Release|Any CPU.Build.0 = Release|Any CPU
	EndGlobalSection
EndGlobal
